<?xml version="1.0" encoding="utf-8"?>
<Project ToolsVersion="4.0" xmlns="http://schemas.microsoft.com/developer/msbuild/2003">
  <ItemGroup>
    <Filter Include="assets">
      <UniqueIdentifier>{583885F2-44DA-AFC8-2D95-C31C19D63619}</UniqueIdentifier>
    </Filter>
    <Filter Include="assets\ImterContents">
      <UniqueIdentifier>{B698AEB6-A227-3880-4B46-4C7B37B44826}</UniqueIdentifier>
    </Filter>
    <Filter Include="src">
      <UniqueIdentifier>{2DAB880B-99B4-887C-2230-9F7C8E38947C}</UniqueIdentifier>
    </Filter>
    <Filter Include="src\Core">
      <UniqueIdentifier>{A5D31CCF-91A0-77DA-BAB9-6582A6E5AC68}</UniqueIdentifier>
    </Filter>
    <Filter Include="src\Events">
      <UniqueIdentifier>{7162C20E-5D1A-045C-C621-DDB7B2F89E4C}</UniqueIdentifier>
    </Filter>
    <Filter Include="src\ImGui">
      <UniqueIdentifier>{170E22B3-8378-D629-CCB6-87CF3860B47E}</UniqueIdentifier>
    </Filter>
    <Filter Include="src\ImGui\UI">
      <UniqueIdentifier>{E4BD9C7F-D020-2C24-79A6-64DA65E8F7A6}</UniqueIdentifier>
    </Filter>
    <Filter Include="src\ImGui\UI\TextEditor">
      <UniqueIdentifier>{3FA9E157-ABE0-29EF-B4EA-8D1220A150E8}</UniqueIdentifier>
    </Filter>
    <Filter Include="src\ImGui\UI\imnode">
      <UniqueIdentifier>{EF2CB97B-5B8E-9689-E4FB-DC3B505CCD48}</UniqueIdentifier>
    </Filter>
    <Filter Include="src\Layers">
      <UniqueIdentifier>{4C4DA51D-3805-E76A-A10C-C0C68DE3815B}</UniqueIdentifier>
    </Filter>
    <Filter Include="src\Layers\EditorLayer">
      <UniqueIdentifier>{7F15E5AA-6B0F-0EFD-547C-A40D40157469}</UniqueIdentifier>
    </Filter>
    <Filter Include="src\Layers\LogLayer">
      <UniqueIdentifier>{7A2CCD84-E68D-AA92-6FFB-F044DB5BE151}</UniqueIdentifier>
    </Filter>
    <Filter Include="src\Renderer">
      <UniqueIdentifier>{73D1DFBF-5F34-6F64-08BA-A71AF4FB3AE7}</UniqueIdentifier>
    </Filter>
    <Filter Include="src\Utils">
      <UniqueIdentifier>{4D9AFFB3-B904-B42A-0243-65D06EEC917F}</UniqueIdentifier>
    </Filter>
  </ItemGroup>
  <ItemGroup>
    <ClInclude Include="assets\ImterContents\IO.h">
      <Filter>assets\ImterContents</Filter>
    </ClInclude>
    <ClInclude Include="assets\ImterContents\Interface.h">
      <Filter>assets\ImterContents</Filter>
    </ClInclude>
    <ClInclude Include="assets\ImterContents\PropType.h">
      <Filter>assets\ImterContents</Filter>
    </ClInclude>
    <ClInclude Include="src\Core\Application.h">
      <Filter>src\Core</Filter>
    </ClInclude>
    <ClInclude Include="src\Core\Base.h">
      <Filter>src\Core</Filter>
    </ClInclude>
    <ClInclude Include="src\Core\EntryPoint.h">
      <Filter>src\Core</Filter>
    </ClInclude>
    <ClInclude Include="src\Core\Input.h">
      <Filter>src\Core</Filter>
    </ClInclude>
    <ClInclude Include="src\Core\KeyCodes.h">
      <Filter>src\Core</Filter>
    </ClInclude>
    <ClInclude Include="src\Core\Layer.h">
      <Filter>src\Core</Filter>
    </ClInclude>
    <ClInclude Include="src\Core\LayerStack.h">
      <Filter>src\Core</Filter>
    </ClInclude>
    <ClInclude Include="src\Core\Log.h">
      <Filter>src\Core</Filter>
    </ClInclude>
    <ClInclude Include="src\Core\MouseCodes.h">
      <Filter>src\Core</Filter>
    </ClInclude>
    <ClInclude Include="src\Core\Timestep.h">
      <Filter>src\Core</Filter>
    </ClInclude>
    <ClInclude Include="src\Core\Window.h">
      <Filter>src\Core</Filter>
    </ClInclude>
    <ClInclude Include="src\Events\ApplicationEvent.h">
      <Filter>src\Events</Filter>
    </ClInclude>
    <ClInclude Include="src\Events\Event.h">
      <Filter>src\Events</Filter>
    </ClInclude>
    <ClInclude Include="src\Events\KeyEvent.h">
      <Filter>src\Events</Filter>
    </ClInclude>
    <ClInclude Include="src\Events\MouseEvent.h">
      <Filter>src\Events</Filter>
    </ClInclude>
    <ClInclude Include="src\ImGui\ImGuiLayer.h">
      <Filter>src\ImGui</Filter>
    </ClInclude>
    <ClInclude Include="src\ImGui\UI\TextEditor\TextEditor.h">
      <Filter>src\ImGui\UI\TextEditor</Filter>
    </ClInclude>
    <ClInclude Include="src\ImGui\UI\imnode\imnodes.h">
      <Filter>src\ImGui\UI\imnode</Filter>
    </ClInclude>
    <ClInclude Include="src\Layers\EditorLayer\EditorLayer.h">
      <Filter>src\Layers\EditorLayer</Filter>
    </ClInclude>
    <ClInclude Include="src\Layers\LogLayer\LogLayer.h">
      <Filter>src\Layers\LogLayer</Filter>
    </ClInclude>
    <ClInclude Include="src\Renderer\Buffer.h">
      <Filter>src\Renderer</Filter>
    </ClInclude>
    <ClInclude Include="src\Renderer\Camera.h">
      <Filter>src\Renderer</Filter>
    </ClInclude>
    <ClInclude Include="src\Renderer\Framebuffer.h">
      <Filter>src\Renderer</Filter>
    </ClInclude>
    <ClInclude Include="src\Renderer\OpenGLRendererAPI.h">
      <Filter>src\Renderer</Filter>
    </ClInclude>
    <ClInclude Include="src\Renderer\Renderer.h">
      <Filter>src\Renderer</Filter>
    </ClInclude>
    <ClInclude Include="src\Renderer\Renderer2D.h">
      <Filter>src\Renderer</Filter>
    </ClInclude>
    <ClInclude Include="src\Renderer\Shader.h">
      <Filter>src\Renderer</Filter>
    </ClInclude>
    <ClInclude Include="src\Renderer\Texture.h">
      <Filter>src\Renderer</Filter>
    </ClInclude>
    <ClInclude Include="src\Renderer\VertexArray.h">
      <Filter>src\Renderer</Filter>
    </ClInclude>
    <ClInclude Include="src\Utils\string_utils.h">
      <Filter>src\Utils</Filter>
    </ClInclude>
  </ItemGroup>
  <ItemGroup>
    <ClCompile Include="src\Core\Application.cpp">
      <Filter>src\Core</Filter>
    </ClCompile>
    <ClCompile Include="src\Core\Layer.cpp">
      <Filter>src\Core</Filter>
    </ClCompile>
    <ClCompile Include="src\Core\LayerStack.cpp">
      <Filter>src\Core</Filter>
    </ClCompile>
    <ClCompile Include="src\Core\Log.cpp">
      <Filter>src\Core</Filter>
    </ClCompile>
    <ClCompile Include="src\Core\Window.cpp">
      <Filter>src\Core</Filter>
    </ClCompile>
    <ClCompile Include="src\ImGui\ImGuiBuild.cpp">
      <Filter>src\ImGui</Filter>
    </ClCompile>
    <ClCompile Include="src\ImGui\ImGuiLayer.cpp">
      <Filter>src\ImGui</Filter>
    </ClCompile>
    <ClCompile Include="src\ImGui\UI\TextEditor\TextEditor.cpp">
      <Filter>src\ImGui\UI\TextEditor</Filter>
    </ClCompile>
    <ClCompile Include="src\ImGui\UI\imnode\imnodes.cpp">
      <Filter>src\ImGui\UI\imnode</Filter>
    </ClCompile>
    <ClCompile Include="src\Layers\EditorLayer\EditorLayer.cpp">
      <Filter>src\Layers\EditorLayer</Filter>
    </ClCompile>
    <ClCompile Include="src\Layers\LogLayer\LogLayer.cpp">
      <Filter>src\Layers\LogLayer</Filter>
    </ClCompile>
    <ClCompile Include="src\Renderer\Buffer.cpp">
      <Filter>src\Renderer</Filter>
    </ClCompile>
    <ClCompile Include="src\Renderer\Camera.cpp">
      <Filter>src\Renderer</Filter>
    </ClCompile>
    <ClCompile Include="src\Renderer\Framebuffer.cpp">
      <Filter>src\Renderer</Filter>
    </ClCompile>
    <ClCompile Include="src\Renderer\OpenGLRendererAPI.cpp">
      <Filter>src\Renderer</Filter>
    </ClCompile>
    <ClCompile Include="src\Renderer\Renderer.cpp">
      <Filter>src\Renderer</Filter>
    </ClCompile>
    <ClCompile Include="src\Renderer\Renderer2D.cpp">
      <Filter>src\Renderer</Filter>
    </ClCompile>
    <ClCompile Include="src\Renderer\Shader.cpp">
      <Filter>src\Renderer</Filter>
    </ClCompile>
    <ClCompile Include="src\Renderer\Texture.cpp">
      <Filter>src\Renderer</Filter>
    </ClCompile>
    <ClCompile Include="src\Renderer\VertexArray.cpp">
      <Filter>src\Renderer</Filter>
    </ClCompile>
    <ClCompile Include="src\SandApp.cpp">
      <Filter>src</Filter>
    </ClCompile>
    <ClCompile Include="src\Utils\string_utils.cpp">
      <Filter>src\Utils</Filter>
    </ClCompile>
  </ItemGroup>
</Project>